
Microsoft Visual Studio Solution File, Format Version 12.00
# Visual Studio Version 17
VisualStudioVersion = 17.4.33103.184
MinimumVisualStudioVersion = 10.0.40219.1
Project("{9A19103F-16F7-4668-BE54-9A1E7A4F7556}") = "ClientWPF", "ClientWPF\ClientWPF.csproj", "{40AC3B38-ED49-4304-A04D-01437F164982}"
EndProject
Project("{FAE04EC0-301F-11D3-BF4B-00C04F79EFBC}") = "Server", "Server\Server.csproj", "{679E99D6-11BD-4A41-B585-40F23C2926ED}"
EndProject
Global
	GlobalSection(SolutionConfigurationPlatforms) = preSolution
		Debug|Any CPU = Debug|Any CPU
		Release|Any CPU = Release|Any CPU
	EndGlobalSection
	GlobalSection(ProjectConfigurationPlatforms) = postSolution
		{40AC3B38-ED49-4304-A04D-01437F164982}.Debug|Any CPU.ActiveCfg = Debug|Any CPU
		{40AC3B38-ED49-4304-A04D-01437F164982}.Debug|Any CPU.Build.0 = Debug|Any CPU
		{40AC3B38-ED49-4304-A04D-01437F164982}.Release|Any CPU.ActiveCfg = Release|Any CPU
		{40AC3B38-ED49-4304-A04D-01437F164982}.Release|Any CPU.Build.0 = Release|Any CPU
		{679E99D6-11BD-4A41-B585-40F23C2926ED}.Debug|Any CPU.ActiveCfg = Debug|Any CPU
		{679E99D6-11BD-4A41-B585-40F23C2926ED}.Debug|Any CPU.Build.0 = Debug|Any CPU
		{679E99D6-11BD-4A41-B585-40F23C2926ED}.Release|Any CPU.ActiveCfg = Release|Any CPU
		{679E99D6-11BD-4A41-B585-40F23C2926ED}.Release|Any CPU.Build.0 = Release|Any CPU
	EndGlobalSection
	GlobalSection(SolutionProperties) = preSolution
		HideSolutionNode = FALSE
	EndGlobalSection
	GlobalSection(ExtensibilityGlobals) = postSolution
		SolutionGuid = {D8DDE2D3-33D6-4676-AF1F-4955B1BEE0E9}
	EndGlobalSection
EndGlobal
